
Microsoft Visual Studio Solution File, Format Version 12.00
# Visual Studio Version 17
VisualStudioVersion = 17.14.36414.22 d17.14
MinimumVisualStudioVersion = 10.0.40219.1
Project("{888888A0-9F3D-457C-B088-3A5042F75D52}") = "PySterling", "PySterling.pyproj", "{BECB6F09-911D-48AE-9ED6-71DCAA565534}"
EndProject
Global
	GlobalSection(SolutionConfigurationPlatforms) = preSolution
		Debug|Any CPU = Debug|Any CPU
		Release|Any CPU = Release|Any CPU
	EndGlobalSection
	GlobalSection(ProjectConfigurationPlatforms) = postSolution
		{BECB6F09-911D-48AE-9ED6-71DCAA565534}.Debug|Any CPU.ActiveCfg = Debug|Any CPU
		{BECB6F09-911D-48AE-9ED6-71DCAA565534}.Release|Any CPU.ActiveCfg = Release|Any CPU
	EndGlobalSection
	GlobalSection(SolutionProperties) = preSolution
		HideSolutionNode = FALSE
	EndGlobalSection
	GlobalSection(ExtensibilityGlobals) = postSolution
		SolutionGuid = {60AE5F94-C524-427A-A695-E14C4549BF94}
	EndGlobalSection
EndGlobal
